
Microsoft Visual Studio Solution File, Format Version 12.00
# Visual Studio Version 16
VisualStudioVersion = 16.0.30309.148
MinimumVisualStudioVersion = 10.0.40219.1
Project("{FAE04EC0-301F-11D3-BF4B-00C04F79EFBC}") = "Icecream", "Icecream.csproj", "{B3DCA719-89F4-4240-AB6D-48831706AF81}"
EndProject
Global
	GlobalSection(SolutionConfigurationPlatforms) = preSolution
		Debug|Any CPU = Debug|Any CPU
		Release|Any CPU = Release|Any CPU
	EndGlobalSection
	GlobalSection(ProjectConfigurationPlatforms) = postSolution
		{B3DCA719-89F4-4240-AB6D-48831706AF81}.Debug|Any CPU.ActiveCfg = Debug|Any CPU
		{B3DCA719-89F4-4240-AB6D-48831706AF81}.Debug|Any CPU.Build.0 = Debug|Any CPU
		{B3DCA719-89F4-4240-AB6D-48831706AF81}.Release|Any CPU.ActiveCfg = Release|Any CPU
		{B3DCA719-89F4-4240-AB6D-48831706AF81}.Release|Any CPU.Build.0 = Release|Any CPU
	EndGlobalSection
	GlobalSection(SolutionProperties) = preSolution
		HideSolutionNode = FALSE
	EndGlobalSection
	GlobalSection(ExtensibilityGlobals) = postSolution
		SolutionGuid = {DCEC6F73-8A40-45C9-8BD6-000244E28E3E}
	EndGlobalSection
EndGlobal
